
Microsoft Visual Studio Solution File, Format Version 12.00
# Visual Studio Version 17
VisualStudioVersion = 17.0.31903.59
MinimumVisualStudioVersion = 10.0.40219.1
Project("{2150E333-8FDC-42A3-9474-1A3956D46DE8}") = "src", "src", "{4C956147-8D2C-49BA-9957-AD88C15AFF81}"
EndProject
Project("{FAE04EC0-301F-11D3-BF4B-00C04F79EFBC}") = "Capture.App", "src\Capture.App\Capture.App.csproj", "{7CE54550-6B59-4EF5-ACD4-6A8FF1C7EF2C}"
EndProject
Project("{FAE04EC0-301F-11D3-BF4B-00C04F79EFBC}") = "Capture.Core", "src\Capture.Core\Capture.Core.csproj", "{A9D45124-98EA-401C-9403-243EC4B3285A}"
EndProject
Project("{FAE04EC0-301F-11D3-BF4B-00C04F79EFBC}") = "Capture.Storage", "src\Capture.Storage\Capture.Storage.csproj", "{C3C5A97A-201E-46B8-82DB-6E402536256C}"
EndProject
Project("{FAE04EC0-301F-11D3-BF4B-00C04F79EFBC}") = "Capture.Pdf", "src\Capture.Pdf\Capture.Pdf.csproj", "{D565A1ED-5413-4573-A7A4-689737AF3ECD}"
EndProject
Project("{FAE04EC0-301F-11D3-BF4B-00C04F79EFBC}") = "Capture.Ocr", "src\Capture.Ocr\Capture.Ocr.csproj", "{18ECAD73-456C-480C-B3C2-C6A6EBC150FC}"
EndProject
Project("{FAE04EC0-301F-11D3-BF4B-00C04F79EFBC}") = "Capture.Scanner", "src\Capture.Scanner\Capture.Scanner.csproj", "{F17667A8-FA99-448B-B015-77A450C1E3C1}"
EndProject
Project("{FAE04EC0-301F-11D3-BF4B-00C04F79EFBC}") = "Capture.Export", "src\Capture.Export\Capture.Export.csproj", "{CB57954F-B6CF-4411-9AD7-56C71F077267}"
EndProject
Project("{2150E333-8FDC-42A3-9474-1A3956D46DE8}") = "tests", "tests", "{EEC481C9-3A82-4DA2-A59D-382DFF8E50E7}"
EndProject
Project("{FAE04EC0-301F-11D3-BF4B-00C04F79EFBC}") = "Capture.Tests", "tests\Capture.Tests\Capture.Tests.csproj", "{E84FC0CB-C86F-45AF-9F9D-FB4A95EAB662}"
EndProject
Project("{FAE04EC0-301F-11D3-BF4B-00C04F79EFBC}") = "Capture.Therefore", "src\Capture.Therefore\Capture.Therefore.csproj", "{FDDE7BB5-FCCD-4212-914D-FD317F0784D1}"
EndProject
Project("{FAE04EC0-301F-11D3-BF4B-00C04F79EFBC}") = "Capture.LocalAi", "src\Capture.LocalAi\Capture.LocalAi.csproj", "{3FF2C81D-C917-4FC8-AB56-918C87B54082}"
EndProject
Project("{FAE04EC0-301F-11D3-BF4B-00C04F79EFBC}") = "Capture.Scripting", "src\Capture.Scripting\Capture.Scripting.csproj", "{88B89902-E382-4D10-B0BD-CFFFA4244BEB}"
EndProject
Project("{FAE04EC0-301F-11D3-BF4B-00C04F79EFBC}") = "Capture.Scripting.Tests", "tests\Capture.Scripting.Tests\Capture.Scripting.Tests.csproj", "{DC292BB2-50B9-4564-BDD6-68751D7E35B1}"
EndProject
Global
	GlobalSection(SolutionConfigurationPlatforms) = preSolution
		Debug|Any CPU = Debug|Any CPU
		Release|Any CPU = Release|Any CPU
	EndGlobalSection
	GlobalSection(SolutionProperties) = preSolution
		HideSolutionNode = FALSE
	EndGlobalSection
	GlobalSection(ProjectConfigurationPlatforms) = postSolution
		{7CE54550-6B59-4EF5-ACD4-6A8FF1C7EF2C}.Debug|Any CPU.ActiveCfg = Debug|Any CPU
		{7CE54550-6B59-4EF5-ACD4-6A8FF1C7EF2C}.Debug|Any CPU.Build.0 = Debug|Any CPU
		{7CE54550-6B59-4EF5-ACD4-6A8FF1C7EF2C}.Release|Any CPU.ActiveCfg = Release|Any CPU
		{7CE54550-6B59-4EF5-ACD4-6A8FF1C7EF2C}.Release|Any CPU.Build.0 = Release|Any CPU
		{A9D45124-98EA-401C-9403-243EC4B3285A}.Debug|Any CPU.ActiveCfg = Debug|Any CPU
		{A9D45124-98EA-401C-9403-243EC4B3285A}.Debug|Any CPU.Build.0 = Debug|Any CPU
		{A9D45124-98EA-401C-9403-243EC4B3285A}.Release|Any CPU.ActiveCfg = Release|Any CPU
		{A9D45124-98EA-401C-9403-243EC4B3285A}.Release|Any CPU.Build.0 = Release|Any CPU
		{C3C5A97A-201E-46B8-82DB-6E402536256C}.Debug|Any CPU.ActiveCfg = Debug|Any CPU
		{C3C5A97A-201E-46B8-82DB-6E402536256C}.Debug|Any CPU.Build.0 = Debug|Any CPU
		{C3C5A97A-201E-46B8-82DB-6E402536256C}.Release|Any CPU.ActiveCfg = Release|Any CPU
		{C3C5A97A-201E-46B8-82DB-6E402536256C}.Release|Any CPU.Build.0 = Release|Any CPU
		{D565A1ED-5413-4573-A7A4-689737AF3ECD}.Debug|Any CPU.ActiveCfg = Debug|Any CPU
		{D565A1ED-5413-4573-A7A4-689737AF3ECD}.Debug|Any CPU.Build.0 = Debug|Any CPU
		{D565A1ED-5413-4573-A7A4-689737AF3ECD}.Release|Any CPU.ActiveCfg = Release|Any CPU
		{D565A1ED-5413-4573-A7A4-689737AF3ECD}.Release|Any CPU.Build.0 = Release|Any CPU
		{18ECAD73-456C-480C-B3C2-C6A6EBC150FC}.Debug|Any CPU.ActiveCfg = Debug|Any CPU
		{18ECAD73-456C-480C-B3C2-C6A6EBC150FC}.Debug|Any CPU.Build.0 = Debug|Any CPU
		{18ECAD73-456C-480C-B3C2-C6A6EBC150FC}.Release|Any CPU.ActiveCfg = Release|Any CPU
		{18ECAD73-456C-480C-B3C2-C6A6EBC150FC}.Release|Any CPU.Build.0 = Release|Any CPU
		{F17667A8-FA99-448B-B015-77A450C1E3C1}.Debug|Any CPU.ActiveCfg = Debug|Any CPU
		{F17667A8-FA99-448B-B015-77A450C1E3C1}.Debug|Any CPU.Build.0 = Debug|Any CPU
		{F17667A8-FA99-448B-B015-77A450C1E3C1}.Release|Any CPU.ActiveCfg = Release|Any CPU
		{F17667A8-FA99-448B-B015-77A450C1E3C1}.Release|Any CPU.Build.0 = Release|Any CPU
		{CB57954F-B6CF-4411-9AD7-56C71F077267}.Debug|Any CPU.ActiveCfg = Debug|Any CPU
		{CB57954F-B6CF-4411-9AD7-56C71F077267}.Debug|Any CPU.Build.0 = Debug|Any CPU
		{CB57954F-B6CF-4411-9AD7-56C71F077267}.Release|Any CPU.ActiveCfg = Release|Any CPU
		{CB57954F-B6CF-4411-9AD7-56C71F077267}.Release|Any CPU.Build.0 = Release|Any CPU
		{E84FC0CB-C86F-45AF-9F9D-FB4A95EAB662}.Debug|Any CPU.ActiveCfg = Debug|Any CPU
		{E84FC0CB-C86F-45AF-9F9D-FB4A95EAB662}.Debug|Any CPU.Build.0 = Debug|Any CPU
		{E84FC0CB-C86F-45AF-9F9D-FB4A95EAB662}.Release|Any CPU.ActiveCfg = Release|Any CPU
		{E84FC0CB-C86F-45AF-9F9D-FB4A95EAB662}.Release|Any CPU.Build.0 = Release|Any CPU
		{FDDE7BB5-FCCD-4212-914D-FD317F0784D1}.Debug|Any CPU.ActiveCfg = Debug|Any CPU
		{FDDE7BB5-FCCD-4212-914D-FD317F0784D1}.Debug|Any CPU.Build.0 = Debug|Any CPU
		{FDDE7BB5-FCCD-4212-914D-FD317F0784D1}.Release|Any CPU.ActiveCfg = Release|Any CPU
		{FDDE7BB5-FCCD-4212-914D-FD317F0784D1}.Release|Any CPU.Build.0 = Release|Any CPU
		{3FF2C81D-C917-4FC8-AB56-918C87B54082}.Debug|Any CPU.ActiveCfg = Debug|Any CPU
		{3FF2C81D-C917-4FC8-AB56-918C87B54082}.Debug|Any CPU.Build.0 = Debug|Any CPU
		{3FF2C81D-C917-4FC8-AB56-918C87B54082}.Release|Any CPU.ActiveCfg = Release|Any CPU
		{3FF2C81D-C917-4FC8-AB56-918C87B54082}.Release|Any CPU.Build.0 = Release|Any CPU
		{88B89902-E382-4D10-B0BD-CFFFA4244BEB}.Debug|Any CPU.ActiveCfg = Debug|Any CPU
		{88B89902-E382-4D10-B0BD-CFFFA4244BEB}.Debug|Any CPU.Build.0 = Debug|Any CPU
		{88B89902-E382-4D10-B0BD-CFFFA4244BEB}.Release|Any CPU.ActiveCfg = Release|Any CPU
		{88B89902-E382-4D10-B0BD-CFFFA4244BEB}.Release|Any CPU.Build.0 = Release|Any CPU
		{DC292BB2-50B9-4564-BDD6-68751D7E35B1}.Debug|Any CPU.ActiveCfg = Debug|Any CPU
		{DC292BB2-50B9-4564-BDD6-68751D7E35B1}.Debug|Any CPU.Build.0 = Debug|Any CPU
		{DC292BB2-50B9-4564-BDD6-68751D7E35B1}.Release|Any CPU.ActiveCfg = Release|Any CPU
		{DC292BB2-50B9-4564-BDD6-68751D7E35B1}.Release|Any CPU.Build.0 = Release|Any CPU
	EndGlobalSection
	GlobalSection(NestedProjects) = preSolution
		{7CE54550-6B59-4EF5-ACD4-6A8FF1C7EF2C} = {4C956147-8D2C-49BA-9957-AD88C15AFF81}
		{A9D45124-98EA-401C-9403-243EC4B3285A} = {4C956147-8D2C-49BA-9957-AD88C15AFF81}
		{C3C5A97A-201E-46B8-82DB-6E402536256C} = {4C956147-8D2C-49BA-9957-AD88C15AFF81}
		{D565A1ED-5413-4573-A7A4-689737AF3ECD} = {4C956147-8D2C-49BA-9957-AD88C15AFF81}
		{18ECAD73-456C-480C-B3C2-C6A6EBC150FC} = {4C956147-8D2C-49BA-9957-AD88C15AFF81}
		{F17667A8-FA99-448B-B015-77A450C1E3C1} = {4C956147-8D2C-49BA-9957-AD88C15AFF81}
		{CB57954F-B6CF-4411-9AD7-56C71F077267} = {4C956147-8D2C-49BA-9957-AD88C15AFF81}
		{E84FC0CB-C86F-45AF-9F9D-FB4A95EAB662} = {EEC481C9-3A82-4DA2-A59D-382DFF8E50E7}
		{FDDE7BB5-FCCD-4212-914D-FD317F0784D1} = {4C956147-8D2C-49BA-9957-AD88C15AFF81}
		{3FF2C81D-C917-4FC8-AB56-918C87B54082} = {4C956147-8D2C-49BA-9957-AD88C15AFF81}
		{88B89902-E382-4D10-B0BD-CFFFA4244BEB} = {4C956147-8D2C-49BA-9957-AD88C15AFF81}
		{DC292BB2-50B9-4564-BDD6-68751D7E35B1} = {EEC481C9-3A82-4DA2-A59D-382DFF8E50E7}
	EndGlobalSection
EndGlobal
